# Generated by pub
# See https://www.dartlang.org/tools/pub/glossary#lockfile
packages:
  async:
    dependency: transitive
    description:
      name: async
      url: "https://pub.dev"
    source: hosted
    version: "2.2.0"
  bson:
    dependency: transitive
    description:
      name: bson
      url: "https://pub.dev"
    source: hosted
    version: "0.3.2"
  charcode:
    dependency: transitive
    description:
      name: charcode
      url: "https://pub.dev"
    source: hosted
    version: "1.1.2"
  collection:
    dependency: transitive
    description:
      name: collection
      url: "https://pub.dev"
    source: hosted
    version: "1.14.11"
  convert:
    dependency: transitive
    description:
      name: convert
      url: "https://pub.dev"
    source: hosted
    version: "2.1.1"
  crypto:
    dependency: transitive
    description:
      name: crypto
      url: "https://pub.dev"
    source: hosted
    version: "2.0.6"
  fixnum:
    dependency: transitive
    description:
      name: fixnum
      url: "https://pub.dev"
    source: hosted
    version: "0.10.9"
  logging:
    dependency: transitive
    description:
      name: logging
      url: "https://pub.dev"
    source: hosted
    version: "0.11.3+2"
  mongo_dart:
    dependency: "direct dev"
    description:
      name: mongo_dart
      url: "https://pub.dev"
    source: hosted
    version: "0.3.5"
  mongo_dart_query:
    dependency: transitive
    description:
      name: mongo_dart_query
      url: "https://pub.dev"
    source: hosted
    version: "0.3.2"
  more:
    dependency: transitive
    description:
      name: more
      url: "https://pub.dev"
    source: hosted
    version: "1.17.0"
  path:
    dependency: transitive
    description:
      name: path
      url: "https://pub.dev"
    source: hosted
    version: "1.6.2"
  pool:
    dependency: transitive
    description:
      name: pool
      url: "https://pub.dev"
    source: hosted
    version: "1.4.0"
  stack_trace:
    dependency: transitive
    description:
      name: stack_trace
      url: "https://pub.dev"
    source: hosted
    version: "1.9.3"
  typed_data:
    dependency: transitive
    description:
      name: typed_data
      url: "https://pub.dev"
    source: hosted
    version: "1.1.6"
  uuid:
    dependency: transitive
    description:
      name: uuid
      url: "https://pub.dev"
    source: hosted
    version: "2.0.1"
sdks:
  dart: ">=2.3.0 <3.0.0"
